
Microsoft Visual Studio Solution File, Format Version 12.00
# Visual Studio Version 16
VisualStudioVersion = 16.0.29326.143
MinimumVisualStudioVersion = 10.0.40219.1
Project("{FAE04EC0-301F-11D3-BF4B-00C04F79EFBC}") = "Curry", "Curry\Curry.csproj", "{73778565-E01D-46AB-B1C3-78392A3B6BBA}"
EndProject
Global
	GlobalSection(SolutionConfigurationPlatforms) = preSolution
		Debug|Any CPU = Debug|Any CPU
		Release|Any CPU = Release|Any CPU
	EndGlobalSection
	GlobalSection(ProjectConfigurationPlatforms) = postSolution
		{73778565-E01D-46AB-B1C3-78392A3B6BBA}.Debug|Any CPU.ActiveCfg = Debug|Any CPU
		{73778565-E01D-46AB-B1C3-78392A3B6BBA}.Debug|Any CPU.Build.0 = Debug|Any CPU
		{73778565-E01D-46AB-B1C3-78392A3B6BBA}.Release|Any CPU.ActiveCfg = Release|Any CPU
		{73778565-E01D-46AB-B1C3-78392A3B6BBA}.Release|Any CPU.Build.0 = Release|Any CPU
	EndGlobalSection
	GlobalSection(SolutionProperties) = preSolution
		HideSolutionNode = FALSE
	EndGlobalSection
	GlobalSection(ExtensibilityGlobals) = postSolution
		SolutionGuid = {591532D7-84AD-4CF8-A8F5-AA01201A195E}
	EndGlobalSection
EndGlobal
